Microsoft Visual Studio Solution File, Format Version 12.00
# Visual Studio Version 17
VisualStudioVersion = 17.5.2.0
MinimumVisualStudioVersion = 10.0.40219.1
Project("{2150E333-8FDC-42A3-9474-1A3956D46DE8}") = "backend", "backend", "{1AE8ACA6-933B-BF2A-3671-3E2EAC007D16}"
EndProject
Project("{2150E333-8FDC-42A3-9474-1A3956D46DE8}") = "api", "api", "{F5770A5D-1764-CA48-906B-8D098984A6C2}"
EndProject
Project("{FAE04EC0-301F-11D3-BF4B-00C04F79EFBC}") = "VocadbRecommender", "backend\api\VocadbRecommender\VocadbRecommender.csproj", "{C1FF0E06-D01E-C68E-902B-921990F3DBF3}"
EndProject
Project("{FAE04EC0-301F-11D3-BF4B-00C04F79EFBC}") = "VocadbRecommender.Tests", "backend\api\VocadbRecommender.Tests\VocadbRecommender.Tests.csproj", "{2A2CC381-3A5F-4F5D-9CED-ABBA5481F1DF}"
EndProject
Global
	GlobalSection(SolutionConfigurationPlatforms) = preSolution
		Debug|Any CPU = Debug|Any CPU
		Release|Any CPU = Release|Any CPU
	EndGlobalSection
	GlobalSection(ProjectConfigurationPlatforms) = postSolution
		{C1FF0E06-D01E-C68E-902B-921990F3DBF3}.Debug|Any CPU.ActiveCfg = Debug|Any CPU
		{C1FF0E06-D01E-C68E-902B-921990F3DBF3}.Debug|Any CPU.Build.0 = Debug|Any CPU
		{C1FF0E06-D01E-C68E-902B-921990F3DBF3}.Release|Any CPU.ActiveCfg = Release|Any CPU
		{C1FF0E06-D01E-C68E-902B-921990F3DBF3}.Release|Any CPU.Build.0 = Release|Any CPU
		{2A2CC381-3A5F-4F5D-9CED-ABBA5481F1DF}.Debug|Any CPU.ActiveCfg = Debug|Any CPU
		{2A2CC381-3A5F-4F5D-9CED-ABBA5481F1DF}.Debug|Any CPU.Build.0 = Debug|Any CPU
		{2A2CC381-3A5F-4F5D-9CED-ABBA5481F1DF}.Release|Any CPU.ActiveCfg = Release|Any CPU
		{2A2CC381-3A5F-4F5D-9CED-ABBA5481F1DF}.Release|Any CPU.Build.0 = Release|Any CPU
	EndGlobalSection
	GlobalSection(SolutionProperties) = preSolution
		HideSolutionNode = FALSE
	EndGlobalSection
	GlobalSection(NestedProjects) = preSolution
		{F5770A5D-1764-CA48-906B-8D098984A6C2} = {1AE8ACA6-933B-BF2A-3671-3E2EAC007D16}
		{C1FF0E06-D01E-C68E-902B-921990F3DBF3} = {F5770A5D-1764-CA48-906B-8D098984A6C2}
		{2A2CC381-3A5F-4F5D-9CED-ABBA5481F1DF} = {F5770A5D-1764-CA48-906B-8D098984A6C2}
	EndGlobalSection
	GlobalSection(ExtensibilityGlobals) = postSolution
		SolutionGuid = {8BA8682A-C6FD-4755-874B-F017234C0A7D}
	EndGlobalSection
EndGlobal
